{
  "name": "plorth-interpreter",
  "version": "1.0.0-alpha.7",
  "lockfileVersion": 1,
  "requires": true,
  "dependencies": {
    "extendo-error": {
      "version": "1.0.1",
      "resolved": "https://registry.npmjs.org/extendo-error/-/extendo-error-1.0.1.tgz",
      "integrity": "sha1-MDJeDPbC+l+RAj0hAO0CGCbmMX0="
    },
    "plorth-parser": {
      "version": "2.0.2",
      "resolved": "https://registry.npmjs.org/plorth-parser/-/plorth-parser-2.0.2.tgz",
      "integrity": "sha1-Tg6KXStduZtgtnuQAwW250kqrwM=",
      "requires": {
        "plorth-types": "1.0.1"
      }
    },
    "plorth-types": {
      "version": "1.0.1",
      "resolved": "https://registry.npmjs.org/plorth-types/-/plorth-types-1.0.1.tgz",
      "integrity": "sha1-s5zt6zVOj56L/FUg5X+VFv5BCPE="
    },
    "typescript": {
      "version": "2.6.2",
      "resolved": "https://registry.npmjs.org/typescript/-/typescript-2.6.2.tgz",
      "integrity": "sha1-PFtv1/beCRQmkCfwPAlGdY92c6Q=",
      "dev": true
    }
  }
}
